// !$*UTF8*$!
{
	archiveVersion = 1;
	classes = {
	};
	objectVersion = 50;
	objects = {

/* Begin PBXBuildFile section */
		AD701D5823C58F0F0066D46C /* AppDelegate.swift in Sources */ = {isa = PBXBuildFile; fileRef = AD701D5723C58F0F0066D46C /* AppDelegate.swift */; };
		AD701D5A23C58F0F0066D46C /* SceneDelegate.swift in Sources */ = {isa = PBXBuildFile; fileRef = AD701D5923C58F0F0066D46C /* SceneDelegate.swift */; };
		AD701D5C23C58F0F0066D46C /* ViewController.swift in Sources */ = {isa = PBXBuildFile; fileRef = AD701D5B23C58F0F0066D46C /* ViewController.swift */; };
		AD701D5F23C58F0F0066D46C /* Main.storyboard in Resources */ = {isa = PBXBuildFile; fileRef = AD701D5D23C58F0F0066D46C /* Main.storyboard */; };
		AD701D6123C58F110066D46C /* Assets.xcassets in Resources */ = {isa = PBXBuildFile; fileRef = AD701D6023C58F110066D46C /* Assets.xcassets */; };
		AD701D6423C58F110066D46C /* LaunchScreen.storyboard in Resources */ = {isa = PBXBuildFile; fileRef = AD701D6223C58F110066D46C /* LaunchScreen.storyboard */; };
/* End PBXBuildFile section */

/* Begin PBXFileReference section */
		AD701D5423C58F0F0066D46C /* MyFirstApplication.app */ = {isa = PBXFileReference; explicitFileType = wrapper.application; includeInIndex = 0; path = MyFirstApplication.app; sourceTree = BUILT_PRODUCTS_DIR; };
		AD701D5723C58F0F0066D46C /* AppDelegate.swift */ = {isa = PBXFileReference; lastKnownFileType = sourcecode.swift; path = AppDelegate.swift; sourceTree = "<group>"; };
		AD701D5923C58F0F0066D46C /* SceneDelegate.swift */ = {isa = PBXFileReference; lastKnownFileType = sourcecode.swift; path = SceneDelegate.swift; sourceTree = "<group>"; };
		AD701D5B23C58F0F0066D46C /* ViewController.swift */ = {isa = PBXFileReference; lastKnownFileType = sourcecode.swift; path = ViewController.swift; sourceTree = "<group>"; };
		AD701D5E23C58F0F0066D46C /* Base */ = {isa = PBXFileReference; lastKnownFileType = file.storyboard; name = Base; path = Base.lproj/Main.storyboard; sourceTree = "<group>"; };
		AD701D6023C58F110066D46C /* Assets.xcassets */ = {isa = PBXFileReference; lastKnownFileType = folder.assetcatalog; path = Assets.xcassets; sourceTree = "<group>"; };
		AD701D6323C58F110066D46C /* Base */ = {isa = PBXFileReference; lastKnownFileType = file.storyboard; name = Base; path = Base.lproj/LaunchScreen.storyboard; sourceTree = "<group>"; };
		AD701D6523C58F110066D46C /* Info.plist */ = {isa = PBXFileReference; lastKnownFileType = text.plist.xml; path = Info.plist; sourceTree = "<group>"; };
/* End PBXFileReference section */

/* Begin PBXFrameworksBuildPhase section */
		AD701D5123C58F0F0066D46C /* Frameworks */ = {
			isa = PBXFrameworksBuildPhase;
			buildActionMask = 2147483647;
			files = (
			);
			runOnlyForDeploymentPostprocessing = 0;
		};
/* End PBXFrameworksBuildPhase section */

/* Begin PBXGroup section */
		AD701D4B23C58F0F0066D46C = {
			isa = PBXGroup;
			children = (
				AD701D5623C58F0F0066D46C /* MyFirstApplication */,
				AD701D5523C58F0F0066D46C /* Products */,
			);
			sourceTree = "<group>";
		};
		AD701D5523C58F0F0066D46C /* Products */ = {
			isa = PBXGroup;
			children = (
				AD701D5423C58F0F0066D46C /* MyFirstApplication.app */,
			);
			name = Products;
			sourceTree = "<group>";
		};
		AD701D5623C58F0F0066D46C /* MyFirstApplication */ = {
			isa = PBXGroup;
			children = (
				AD701D5723C58F0F0066D46C /* AppDelegate.swift */,
				AD701D5923C58F0F0066D46C /* SceneDelegate.swift */,
				AD701D5B23C58F0F0066D46C /* ViewController.swift */,
				AD701D5D23C58F0F0066D46C /* Main.storyboard */,
				AD701D6023C58F110066D46C /* Assets.xcassets */,
				AD701D6223C58F110066D46C /* LaunchScreen.storyboard */,
				AD701D6523C58F110066D46C /* Info.plist */,
			);
			path = MyFirstApplication;
			sourceTree = "<group>";
		};
/* End PBXGroup section */

/* Begin PBXNativeTarget section */
		AD701D5323C58F0F0066D46C /* MyFirstApplication */ = {
			isa = PBXNativeTarget;
			buildConfigurationList = AD701D6823C58F110066D46C /* Build configuration list for PBXNativeTarget "MyFirstApplication" */;
			buildPhases = (
				AD701D5023C58F0F0066D46C /* Sources */,
				AD701D5123C58F0F0066D46C /* Frameworks */,
				AD701D5223C58F0F0066D46C /* Resources */,
			);
			buildRules = (
			);
			dependencies = (
			);
			name = MyFirstApplication;
			productName = MyFirstApplication;
			productReference = AD701D5423C58F0F0066D46C /* MyFirstApplication.app */;
			productType = "com.apple.product-type.application";
		};
/* End PBXNativeTarget section */

/* Begin PBXProject section */
		AD701D4C23C58F0F0066D46C /* Project object */ = {
			isa = PBXProject;
			attributes = {
				LastSwiftUpdateCheck = 1130;
				LastUpgradeCheck = 1130;
				ORGANIZATIONNAME = Catalina;
				TargetAttributes = {
					AD701D5323C58F0F0066D46C = {
						CreatedOnToolsVersion = 11.3;
					};
				};
			};
			buildConfigurationList = AD701D4F23C58F0F0066D46C /* Build configuration list for PBXProject "MyFirstApplication" */;
			compatibilityVersion = "Xcode 9.3";
			developmentRegion = en;
			hasScannedForEncodings = 0;
			knownRegions = (
				en,
				Base,
			);
			mainGroup = AD701D4B23C58F0F0066D46C;
			productRefGroup = AD701D5523C58F0F0066D46C /* Products */;
			projectDirPath = "";
			projectRoot = "";
			targets = (
				AD701D5323C58F0F0066D46C /* MyFirstApplication */,
			);
		};
/* End PBXProject section */

/* Begin PBXResourcesBuildPhase section */
		AD701D5223C58F0F0066D46C /* Resources */ = {
			isa = PBXResourcesBuildPhase;
			buildActionMask = 2147483647;
			files = (
				AD701D6423C58F110066D46C /* LaunchScreen.storyboard in Resources */,
				AD701D6123C58F110066D46C /* Assets.xcassets in Resources */,
				AD701D5F23C58F0F0066D46C /* Main.storyboard in Resources */,
			);
			runOnlyForDeploymentPostprocessing = 0;
		};
/* End PBXResourcesBuildPhase section */

/* Begin PBXSourcesBuildPhase section */
		AD701D5023C58F0F0066D46C /* Sources */ = {
			isa = PBXSourcesBuildPhase;
			buildActionMask = 2147483647;
			files = (
				AD701D5C23C58F0F0066D46C /* ViewController.swift in Sources */,
				AD701D5823C58F0F0066D46C /* AppDelegate.swift in Sources */,
				AD701D5A23C58F0F0066D46C /* SceneDelegate.swift in Sources */,
			);
			runOnlyForDeploymentPostprocessing = 0;
		};
/* End PBXSourcesBuildPhase section */

/* Begin PBXVariantGroup section */
		AD701D5D23C58F0F0066D46C /* Main.storyboard */ = {
			isa = PBXVariantGroup;
			children = (
				AD701D5E23C58F0F0066D46C /* Base */,
			);
			name = Main.storyboard;
			sourceTree = "<group>";
		};
		AD701D6223C58F110066D46C /* LaunchScreen.storyboard */ = {
			isa = PBXVariantGroup;
			children = (
				AD701D6323C58F110066D46C /* Base */,
			);
			name = LaunchScreen.storyboard;
			sourceTree = "<group>";
		};
/* End PBXVariantGroup section */

/* Begin XCBuildConfiguration section */
		AD701D6623C58F110066D46C /* Debug */ = {
			isa = XCBuildConfiguration;
			buildSettings = {
				ALWAYS_SEARCH_USER_PATHS = NO;
				CLANG_ANALYZER_NONNULL = YES;
				CLANG_ANALYZER_NUMBER_OBJECT_CONVERSION = YES_AGGRESSIVE;
				CLANG_CXX_LANGUAGE_STANDARD = "gnu++14";
				CLANG_CXX_LIBRARY = "libc++";
				CLANG_ENABLE_MODULES = YES;
				CLANG_ENABLE_OBJC_ARC = YES;
				CLANG_ENABLE_OBJC_WEAK = YES;
				CLANG_WARN_BLOCK_CAPTURE_AUTORELEASING = YES;
				CLANG_WARN_BOOL_CONVERSION = YES;
				CLANG_WARN_COMMA = YES;
				CLANG_WARN_CONSTANT_CONVERSION = YES;
				CLANG_WARN_DEPRECATED_OBJC_IMPLEMENTATIONS = YES;
				CLANG_WARN_DIRECT_OBJC_ISA_USAGE = YES_ERROR;
				CLANG_WARN_DOCUMENTATION_COMMENTS = YES;
				CLANG_WARN_EMPTY_BODY = YES;
				CLANG_WARN_ENUM_CONVERSION = YES;
				CLANG_WARN_INFINITE_RECURSION = YES;
				CLANG_WARN_INT_CONVERSION = YES;
				CLANG_WARN_NON_LITERAL_NULL_CONVERSION = YES;
				CLANG_WARN_OBJC_IMPLICIT_RETAIN_SELF = YES;
				CLANG_WARN_OBJC_LITERAL_CONVERSION = YES;
				CLANG_WARN_OBJC_ROOT_CLASS = YES_ERROR;
				CLANG_WARN_RANGE_LOOP_ANALYSIS = YES;
				CLANG_WARN_STRICT_PROTOTYPES = YES;
				CLANG_WARN_SUSPICIOUS_MOVE = YES;
				CLANG_WARN_UNGUARDED_AVAILABILITY = YES_AGGRESSIVE;
				CLANG_WARN_UNREACHABLE_CODE = YES;
				CLANG_WARN__DUPLICATE_METHOD_MATCH = YES;
				COPY_PHASE_STRIP = NO;
				DEBUG_INFORMATION_FORMAT = dwarf;
				ENABLE_STRICT_OBJC_MSGSEND = YES;
				ENABLE_TESTABILITY = YES;
				GCC_C_LANGUAGE_STANDARD = gnu11;
				GCC_DYNAMIC_NO_PIC = NO;
				GCC_NO_COMMON_BLOCKS = YES;
				GCC_OPTIMIZATION_LEVEL = 0;
				GCC_PREPROCESSOR_DEFINITIONS = (
					"DEBUG=1",
					"$(inherited)",
				);
				GCC_WARN_64_TO_32_BIT_CONVERSION = YES;
				GCC_WARN_ABOUT_RETURN_TYPE = YES_ERROR;
				GCC_WARN_UNDECLARED_SELECTOR = YES;
				GCC_WARN_UNINITIALIZED_AUTOS = YES_AGGRESSIVE;
				GCC_WARN_UNUSED_FUNCTION = YES;
				GCC_WARN_UNUSED_VARIABLE = YES;
				IPHONEOS_DEPLOYMENT_TARGET = 13.2;
				MTL_ENABLE_DEBUG_INFO = INCLUDE_SOURCE;
				MTL_FAST_MATH = YES;
				ONLY_ACTIVE_ARCH = YES;
				SDKROOT = iphoneos;
				SWIFT_ACTIVE_COMPILATION_CONDITIONS = DEBUG;
				SWIFT_OPTIMIZATION_LEVEL = "-Onone";
			};
			name = Debug;
		};
		AD701D6723C58F110066D46C /* Release */ = {
			isa = XCBuildConfiguration;
			buildSettings = {
				ALWAYS_SEARCH_USER_PATHS = NO;
				CLANG_ANALYZER_NONNULL = YES;
				CLANG_ANALYZER_NUMBER_OBJECT_CONVERSION = YES_AGGRESSIVE;
				CLANG_CXX_LANGUAGE_STANDARD = "gnu++14";
				CLANG_CXX_LIBRARY = "libc++";
				CLANG_ENABLE_MODULES = YES;
				CLANG_ENABLE_OBJC_ARC = YES;
				CLANG_ENABLE_OBJC_WEAK = YES;
				CLANG_WARN_BLOCK_CAPTURE_AUTORELEASING = YES;
				CLANG_WARN_BOOL_CONVERSION = YES;
				CLANG_WARN_COMMA = YES;
				CLANG_WARN_CONSTANT_CONVERSION = YES;
				CLANG_WARN_DEPRECATED_OBJC_IMPLEMENTATIONS = YES;
				CLANG_WARN_DIRECT_OBJC_ISA_USAGE = YES_ERROR;
				CLANG_WARN_DOCUMENTATION_COMMENTS = YES;
				CLANG_WARN_EMPTY_BODY = YES;
				CLANG_WARN_ENUM_CONVERSION = YES;
				CLANG_WARN_INFINITE_RECURSION = YES;
				CLANG_WARN_INT_CONVERSION = YES;
				CLANG_WARN_NON_LITERAL_NULL_CONVERSION = YES;
				CLANG_WARN_OBJC_IMPLICIT_RETAIN_SELF = YES;
				CLANG_WARN_OBJC_LITERAL_CONVERSION = YES;
				CLANG_WARN_OBJC_ROOT_CLASS = YES_ERROR;
				CLANG_WARN_RANGE_LOOP_ANALYSIS = YES;
				CLANG_WARN_STRICT_PROTOTYPES = YES;
				CLANG_WARN_SUSPICIOUS_MOVE = YES;
				CLANG_WARN_UNGUARDED_AVAILABILITY = YES_AGGRESSIVE;
				CLANG_WARN_UNREACHABLE_CODE = YES;
				CLANG_WARN__DUPLICATE_METHOD_MATCH = YES;
				COPY_PHASE_STRIP = NO;
				DEBUG_INFORMATION_FORMAT = "dwarf-with-dsym";
				ENABLE_NS_ASSERTIONS = NO;
				ENABLE_STRICT_OBJC_MSGSEND = YES;
				GCC_C_LANGUAGE_STANDARD = gnu11;
				GCC_NO_COMMON_BLOCKS = YES;
				GCC_WARN_64_TO_32_BIT_CONVERSION = YES;
				GCC_WARN_ABOUT_RETURN_TYPE = YES_ERROR;
				GCC_WARN_UNDECLARED_SELECTOR = YES;
				GCC_WARN_UNINITIALIZED_AUTOS = YES_AGGRESSIVE;
				GCC_WARN_UNUSED_FUNCTION = YES;
				GCC_WARN_UNUSED_VARIABLE = YES;
				IPHONEOS_DEPLOYMENT_TARGET = 13.2;
				MTL_ENABLE_DEBUG_INFO = NO;
				MTL_FAST_MATH = YES;
				SDKROOT = iphoneos;
				SWIFT_COMPILATION_MODE = wholemodule;
				SWIFT_OPTIMIZATION_LEVEL = "-O";
				VALIDATE_PRODUCT = YES;
			};
			name = Release;
		};
		AD701D6923C58F110066D46C /* Debug */ = {
			isa = XCBuildConfiguration;
			buildSettings = {
				ASSETCATALOG_COMPILER_APPICON_NAME = AppIcon;
				CODE_SIGN_STYLE = Automatic;
				DEVELOPMENT_TEAM = N75JT3WM6J;
				INFOPLIST_FILE = MyFirstApplication/Info.plist;
				LD_RUNPATH_SEARCH_PATHS = (
					"$(inherited)",
					"@executable_path/Frameworks",
				);
				PRODUCT_BUNDLE_IDENTIFIER = gumi.MyFirstApplication;
				PRODUCT_NAME = "$(TARGET_NAME)";
				SWIFT_VERSION = 5.0;
				TARGETED_DEVICE_FAMILY = "1,2";
			};
			name = Debug;
		};
		AD701D6A23C58F110066D46C /* Release */ = {
			isa = XCBuildConfiguration;
			buildSettings = {
				ASSETCATALOG_COMPILER_APPICON_NAME = AppIcon;
				CODE_SIGN_STYLE = Automatic;
				DEVELOPMENT_TEAM = N75JT3WM6J;
				INFOPLIST_FILE = MyFirstApplication/Info.plist;
				LD_RUNPATH_SEARCH_PATHS = (
					"$(inherited)",
					"@executable_path/Frameworks",
				);
				PRODUCT_BUNDLE_IDENTIFIER = gumi.MyFirstApplication;
				PRODUCT_NAME = "$(TARGET_NAME)";
				SWIFT_VERSION = 5.0;
				TARGETED_DEVICE_FAMILY = "1,2";
			};
			name = Release;
		};
/* End XCBuildConfiguration section */

/* Begin XCConfigurationList section */
		AD701D4F23C58F0F0066D46C /* Build configuration list for PBXProject "MyFirstApplication" */ = {
			isa = XCConfigurationList;
			buildConfigurations = (
				AD701D6623C58F110066D46C /* Debug */,
				AD701D6723C58F110066D46C /* Release */,
			);
			defaultConfigurationIsVisible = 0;
			defaultConfigurationName = Release;
		};
		AD701D6823C58F110066D46C /* Build configuration list for PBXNativeTarget "MyFirstApplication" */ = {
			isa = XCConfigurationList;
			buildConfigurations = (
				AD701D6923C58F110066D46C /* Debug */,
				AD701D6A23C58F110066D46C /* Release */,
			);
			defaultConfigurationIsVisible = 0;
			defaultConfigurationName = Release;
		};
/* End XCConfigurationList section */
	};
	rootObject = AD701D4C23C58F0F0066D46C /* Project object */;
}
